
Microsoft Visual Studio Solution File, Format Version 12.00
# Visual Studio Version 16
VisualStudioVersion = 16.0.30225.117
MinimumVisualStudioVersion = 10.0.40219.1
Project("{FAE04EC0-301F-11D3-BF4B-00C04F79EFBC}") = "NewsPortal", "NewsPortal\NewsPortal.csproj", "{CA47BB5F-082A-4F33-B857-9A1EF1573141}"
EndProject
Global
	GlobalSection(SolutionConfigurationPlatforms) = preSolution
		Debug|Any CPU = Debug|Any CPU
		Release|Any CPU = Release|Any CPU
	EndGlobalSection
	GlobalSection(ProjectConfigurationPlatforms) = postSolution
		{CA47BB5F-082A-4F33-B857-9A1EF1573141}.Debug|Any CPU.ActiveCfg = Debug|Any CPU
		{CA47BB5F-082A-4F33-B857-9A1EF1573141}.Debug|Any CPU.Build.0 = Debug|Any CPU
		{CA47BB5F-082A-4F33-B857-9A1EF1573141}.Release|Any CPU.ActiveCfg = Release|Any CPU
		{CA47BB5F-082A-4F33-B857-9A1EF1573141}.Release|Any CPU.Build.0 = Release|Any CPU
	EndGlobalSection
	GlobalSection(SolutionProperties) = preSolution
		HideSolutionNode = FALSE
	EndGlobalSection
	GlobalSection(ExtensibilityGlobals) = postSolution
		SolutionGuid = {C02259C1-A6C4-4E1F-A56F-D379CCC63600}
	EndGlobalSection
EndGlobal
